
Microsoft Visual Studio Solution File, Format Version 12.00
# Visual Studio Version 17
VisualStudioVersion = 17.0.31919.166
MinimumVisualStudioVersion = 10.0.40219.1
Project("{9A19103F-16F7-4668-BE54-9A1E7A4F7556}") = "CompareExcel", "CompareExcel\CompareExcel.csproj", "{783385B4-0316-4CB2-8507-F6C9A00C3BB1}"
EndProject
Global
	GlobalSection(SolutionConfigurationPlatforms) = preSolution
		Debug|Any CPU = Debug|Any CPU
		Debug|x64 = Debug|x64
		Pre-Release|Any CPU = Pre-Release|Any CPU
		Pre-Release|x64 = Pre-Release|x64
		Release|Any CPU = Release|Any CPU
		Release|x64 = Release|x64
	EndGlobalSection
	GlobalSection(ProjectConfigurationPlatforms) = postSolution
		{783385B4-0316-4CB2-8507-F6C9A00C3BB1}.Debug|Any CPU.ActiveCfg = Debug|Any CPU
		{783385B4-0316-4CB2-8507-F6C9A00C3BB1}.Debug|Any CPU.Build.0 = Debug|Any CPU
		{783385B4-0316-4CB2-8507-F6C9A00C3BB1}.Debug|x64.ActiveCfg = Debug|x64
		{783385B4-0316-4CB2-8507-F6C9A00C3BB1}.Debug|x64.Build.0 = Debug|x64
		{783385B4-0316-4CB2-8507-F6C9A00C3BB1}.Pre-Release|Any CPU.ActiveCfg = Pre-Release|Any CPU
		{783385B4-0316-4CB2-8507-F6C9A00C3BB1}.Pre-Release|Any CPU.Build.0 = Pre-Release|Any CPU
		{783385B4-0316-4CB2-8507-F6C9A00C3BB1}.Pre-Release|x64.ActiveCfg = Pre-Release|x64
		{783385B4-0316-4CB2-8507-F6C9A00C3BB1}.Pre-Release|x64.Build.0 = Pre-Release|x64
		{783385B4-0316-4CB2-8507-F6C9A00C3BB1}.Release|Any CPU.ActiveCfg = Release|Any CPU
		{783385B4-0316-4CB2-8507-F6C9A00C3BB1}.Release|Any CPU.Build.0 = Release|Any CPU
		{783385B4-0316-4CB2-8507-F6C9A00C3BB1}.Release|x64.ActiveCfg = Release|x64
		{783385B4-0316-4CB2-8507-F6C9A00C3BB1}.Release|x64.Build.0 = Release|x64
	EndGlobalSection
	GlobalSection(SolutionProperties) = preSolution
		HideSolutionNode = FALSE
	EndGlobalSection
	GlobalSection(ExtensibilityGlobals) = postSolution
		SolutionGuid = {1C28D43E-CB17-4644-95DA-20C757063199}
	EndGlobalSection
EndGlobal
